version: 6
environments:
  default:
    channels:
    - url: https://prefix.dev/conda-forge/
    packages:
      osx-arm64:
      - conda: https://prefix.dev/conda-forge/osx-arm64/libclang-cpp20.1-20.1.8-default_h73dfc95_4.conda
      - conda: https://prefix.dev/conda-forge/osx-arm64/libcxx-21.1.4-hf598326_0.conda
      - conda: https://prefix.dev/conda-forge/osx-arm64/libiconv-1.18-h23cfdf5_2.conda
      - conda: https://prefix.dev/conda-forge/osx-arm64/libllvm20-20.1.8-h8e0c9ce_1.conda
      - conda: https://prefix.dev/conda-forge/osx-arm64/liblzma-5.8.1-h39f12f2_2.conda
      - conda: https://prefix.dev/conda-forge/osx-arm64/libxml2-16-2.15.1-h8eac4d7_0.conda
      - conda: https://prefix.dev/conda-forge/osx-arm64/libxml2-2.15.1-hba2cd1d_0.conda
      - conda: https://prefix.dev/conda-forge/osx-arm64/libzlib-1.3.1-h8359307_2.conda
      - conda: https://prefix.dev/conda-forge/osx-arm64/zig-0.15.1-h561bbcc_1.conda
      - conda: https://prefix.dev/conda-forge/osx-arm64/zstd-1.5.7-h6491c7d_2.conda
packages:
- conda: https://prefix.dev/conda-forge/osx-arm64/libclang-cpp20.1-20.1.8-default_h73dfc95_4.conda
  sha256: ce001fe1015c0e029e3e09cde4e30a2704d5df2c67d3054b4583934c07fa5a7e
  md5: 84f9dac6fcc2436dcb407c8209afa214
  depends:
  - __osx >=11.0
  - libcxx >=20.1.8
  - libllvm20 >=20.1.8,<20.2.0a0
  license: Apache-2.0 WITH LLVM-exception
  license_family: Apache
  size: 13908631
  timestamp: 1759438353200
- conda: https://prefix.dev/conda-forge/osx-arm64/libcxx-21.1.4-hf598326_0.conda
  sha256: df55e80dda21f2581366f66cf18a6c11315d611f6fb01e56011c5199f983c0d9
  md5: 6002a2ba796f1387b6a5c6d77051d1db
  depends:
  - __osx >=11.0
  license: Apache-2.0 WITH LLVM-exception
  license_family: Apache
  size: 567892
  timestamp: 1761043967532
- conda: https://prefix.dev/conda-forge/osx-arm64/libiconv-1.18-h23cfdf5_2.conda
  sha256: de0336e800b2af9a40bdd694b03870ac4a848161b35c8a2325704f123f185f03
  md5: 4d5a7445f0b25b6a3ddbb56e790f5251
  depends:
  - __osx >=11.0
  license: LGPL-2.1-only
  size: 750379
  timestamp: 1754909073836
- conda: https://prefix.dev/conda-forge/osx-arm64/libllvm20-20.1.8-h8e0c9ce_1.conda
  sha256: 6639cbbde4143b14b666db9dc33beddbf6772317a42d317c8c5162b9524bd24a
  md5: 717f1efdf0a0240255c7c34d55889d58
  depends:
  - __osx >=11.0
  - libcxx >=19
  - libxml2
  - libxml2-16 >=2.14.5
  - libzlib >=1.3.1,<2.0a0
  - zstd >=1.5.7,<1.6.0a0
  license: Apache-2.0 WITH LLVM-exception
  license_family: Apache
  size: 28800783
  timestamp: 1757354439972
- conda: https://prefix.dev/conda-forge/osx-arm64/liblzma-5.8.1-h39f12f2_2.conda
  sha256: 0cb92a9e026e7bd4842f410a5c5c665c89b2eb97794ffddba519a626b8ce7285
  md5: d6df911d4564d77c4374b02552cb17d1
  depends:
  - __osx >=11.0
  constrains:
  - xz 5.8.1.*
  license: 0BSD
  size: 92286
  timestamp: 1749230283517
- conda: https://prefix.dev/conda-forge/osx-arm64/libxml2-2.15.1-hba2cd1d_0.conda
  sha256: fa01101fe7d95085846c16825f0e7dc0efe1f1c7438a96fe7395c885d6179495
  md5: a53d5f7fff38853ddb6bdc8fb609c039
  depends:
  - __osx >=11.0
  - libiconv >=1.18,<2.0a0
  - liblzma >=5.8.1,<6.0a0
  - libxml2-16 2.15.1 h8eac4d7_0
  - libzlib >=1.3.1,<2.0a0
  constrains:
  - icu <0.0a0
  license: MIT
  license_family: MIT
  size: 40611
  timestamp: 1761016283558
- conda: https://prefix.dev/conda-forge/osx-arm64/libxml2-16-2.15.1-h8eac4d7_0.conda
  sha256: 3f3f9ba64a3fca15802d4eaf2a97696e6dcd916effa6a683756fd9f11245df5a
  md5: cf7291a970b93fe3bb726879f2037af8
  depends:
  - __osx >=11.0
  - libiconv >=1.18,<2.0a0
  - liblzma >=5.8.1,<6.0a0
  - libzlib >=1.3.1,<2.0a0
  constrains:
  - libxml2 2.15.1
  - icu <0.0a0
  license: MIT
  license_family: MIT
  size: 464186
  timestamp: 1761016258891
- conda: https://prefix.dev/conda-forge/osx-arm64/libzlib-1.3.1-h8359307_2.conda
  sha256: ce34669eadaba351cd54910743e6a2261b67009624dbc7daeeafdef93616711b
  md5: 369964e85dc26bfe78f41399b366c435
  depends:
  - __osx >=11.0
  constrains:
  - zlib 1.3.1 *_2
  license: Zlib
  license_family: Other
  size: 46438
  timestamp: 1727963202283
- conda: https://prefix.dev/conda-forge/osx-arm64/zig-0.15.1-h561bbcc_1.conda
  sha256: a688cd019b489b7f67665f7432fa7e08e3c5f72fe099651ad0216869f79734b5
  md5: 5e9786318cbf50204ceb76a516920365
  depends:
  - __osx >=11.0
  - libclang-cpp20.1 >=20.1.8,<20.2.0a0
  - libcxx >=19
  - libllvm20 >=20.1.8,<20.2.0a0
  - libxml2
  - libxml2-16 >=2.14.6
  - libzlib >=1.3.1,<2.0a0
  - zstd >=1.5.7,<1.6.0a0
  license: MIT
  license_family: MIT
  size: 75007081
  timestamp: 1758204534741
- conda: https://prefix.dev/conda-forge/osx-arm64/zstd-1.5.7-h6491c7d_2.conda
  sha256: 0d02046f57f7a1a3feae3e9d1aa2113788311f3cf37a3244c71e61a93177ba67
  md5: e6f69c7bcccdefa417f056fa593b40f0
  depends:
  - __osx >=11.0
  - libzlib >=1.3.1,<2.0a0
  license: BSD-3-Clause
  license_family: BSD
  size: 399979
  timestamp: 1742433432699
